
Microsoft Visual Studio Solution File, Format Version 12.00
# Visual Studio 15
Project("{FAE04EC0-301F-11D3-BF4B-00C04F79EFBC}") = "OdeToScience", "OdeToScience\OdeToScience.csproj", "{1B421926-D23B-4A22-B805-C3CCED171D31}"
EndProject
Global
	GlobalSection(SolutionConfigurationPlatforms) = preSolution
		Debug|Any CPU = Debug|Any CPU
		Release|Any CPU = Release|Any CPU
	EndGlobalSection
	GlobalSection(ProjectConfigurationPlatforms) = postSolution
		{1B421926-D23B-4A22-B805-C3CCED171D31}.Debug|Any CPU.ActiveCfg = Debug|Any CPU
		{1B421926-D23B-4A22-B805-C3CCED171D31}.Debug|Any CPU.Build.0 = Debug|Any CPU
		{1B421926-D23B-4A22-B805-C3CCED171D31}.Release|Any CPU.ActiveCfg = Release|Any CPU
		{1B421926-D23B-4A22-B805-C3CCED171D31}.Release|Any CPU.Build.0 = Release|Any CPU
	EndGlobalSection
EndGlobal
